
Microsoft Visual Studio Solution File, Format Version 12.00
# Visual Studio Version 17
VisualStudioVersion = 17.13.35825.156 d17.13
MinimumVisualStudioVersion = 10.0.40219.1
Project("{FAE04EC0-301F-11D3-BF4B-00C04F79EFBC}") = "AppBarbersAdso", "AppBarbersAdso.csproj", "{D98B55E1-2AEA-4FE9-934F-4645366B5624}"
EndProject
Global
	GlobalSection(SolutionConfigurationPlatforms) = preSolution
		Debug|Any CPU = Debug|Any CPU
		Release|Any CPU = Release|Any CPU
	EndGlobalSection
	GlobalSection(ProjectConfigurationPlatforms) = postSolution
		{D98B55E1-2AEA-4FE9-934F-4645366B5624}.Debug|Any CPU.ActiveCfg = Debug|Any CPU
		{D98B55E1-2AEA-4FE9-934F-4645366B5624}.Debug|Any CPU.Build.0 = Debug|Any CPU
		{D98B55E1-2AEA-4FE9-934F-4645366B5624}.Release|Any CPU.ActiveCfg = Release|Any CPU
		{D98B55E1-2AEA-4FE9-934F-4645366B5624}.Release|Any CPU.Build.0 = Release|Any CPU
	EndGlobalSection
	GlobalSection(SolutionProperties) = preSolution
		HideSolutionNode = FALSE
	EndGlobalSection
	GlobalSection(ExtensibilityGlobals) = postSolution
		SolutionGuid = {C6290E47-EA3D-4F57-BD32-DE29E6EC4454}
	EndGlobalSection
EndGlobal
